
Microsoft Visual Studio Solution File, Format Version 12.00
# Visual Studio Express 2013 for Web
VisualStudioVersion = 12.0.21005.1
MinimumVisualStudioVersion = 10.0.40219.1
Project("{FAE04EC0-301F-11D3-BF4B-00C04F79EFBC}") = "BISInventory.Domain", "BISInventory.Domain\BISInventory.Domain.csproj", "{66E0B926-7985-473A-8828-1EF5AE1E6716}"
EndProject
Project("{FAE04EC0-301F-11D3-BF4B-00C04F79EFBC}") = "BISInventory.WebUI", "BISInventory.WebUI\BISInventory.WebUI.csproj", "{F7BA54F6-1220-4DAD-99C0-1B8DE6D25A1D}"
EndProject
Project("{FAE04EC0-301F-11D3-BF4B-00C04F79EFBC}") = "BISInventory.UnitTests", "BISInventory.UnitTests\BISInventory.UnitTests.csproj", "{21B386C8-7CB8-40E2-92A4-C7F1805692AB}"
EndProject
Global
	GlobalSection(SolutionConfigurationPlatforms) = preSolution
		Debug|Any CPU = Debug|Any CPU
		Release|Any CPU = Release|Any CPU
	EndGlobalSection
	GlobalSection(ProjectConfigurationPlatforms) = postSolution
		{66E0B926-7985-473A-8828-1EF5AE1E6716}.Debug|Any CPU.ActiveCfg = Debug|Any CPU
		{66E0B926-7985-473A-8828-1EF5AE1E6716}.Debug|Any CPU.Build.0 = Debug|Any CPU
		{66E0B926-7985-473A-8828-1EF5AE1E6716}.Release|Any CPU.ActiveCfg = Release|Any CPU
		{66E0B926-7985-473A-8828-1EF5AE1E6716}.Release|Any CPU.Build.0 = Release|Any CPU
		{F7BA54F6-1220-4DAD-99C0-1B8DE6D25A1D}.Debug|Any CPU.ActiveCfg = Debug|Any CPU
		{F7BA54F6-1220-4DAD-99C0-1B8DE6D25A1D}.Debug|Any CPU.Build.0 = Debug|Any CPU
		{F7BA54F6-1220-4DAD-99C0-1B8DE6D25A1D}.Release|Any CPU.ActiveCfg = Release|Any CPU
		{F7BA54F6-1220-4DAD-99C0-1B8DE6D25A1D}.Release|Any CPU.Build.0 = Release|Any CPU
		{21B386C8-7CB8-40E2-92A4-C7F1805692AB}.Debug|Any CPU.ActiveCfg = Debug|Any CPU
		{21B386C8-7CB8-40E2-92A4-C7F1805692AB}.Debug|Any CPU.Build.0 = Debug|Any CPU
		{21B386C8-7CB8-40E2-92A4-C7F1805692AB}.Release|Any CPU.ActiveCfg = Release|Any CPU
		{21B386C8-7CB8-40E2-92A4-C7F1805692AB}.Release|Any CPU.Build.0 = Release|Any CPU
	EndGlobalSection
	GlobalSection(SolutionProperties) = preSolution
		HideSolutionNode = FALSE
	EndGlobalSection
EndGlobal
